
Microsoft Visual Studio Solution File, Format Version 12.00
# Visual Studio Version 17
VisualStudioVersion = 17.4.33110.190
MinimumVisualStudioVersion = 10.0.40219.1
Project("{FAE04EC0-301F-11D3-BF4B-00C04F79EFBC}") = "OpenShipDoors", "OpenShipDoors\OpenShipDoors.csproj", "{9F0AE243-EAE8-490D-853B-7A996DD9D556}"
EndProject
Global
	GlobalSection(SolutionConfigurationPlatforms) = preSolution
		Debug|Any CPU = Debug|Any CPU
		Release|Any CPU = Release|Any CPU
	EndGlobalSection
	GlobalSection(ProjectConfigurationPlatforms) = postSolution
		{9F0AE243-EAE8-490D-853B-7A996DD9D556}.Debug|Any CPU.ActiveCfg = Debug|Any CPU
		{9F0AE243-EAE8-490D-853B-7A996DD9D556}.Debug|Any CPU.Build.0 = Debug|Any CPU
		{9F0AE243-EAE8-490D-853B-7A996DD9D556}.Release|Any CPU.ActiveCfg = Release|Any CPU
		{9F0AE243-EAE8-490D-853B-7A996DD9D556}.Release|Any CPU.Build.0 = Release|Any CPU
	EndGlobalSection
	GlobalSection(SolutionProperties) = preSolution
		HideSolutionNode = FALSE
	EndGlobalSection
	GlobalSection(ExtensibilityGlobals) = postSolution
		SolutionGuid = {A892C6F6-68FC-4C00-88CE-798D1461D642}
	EndGlobalSection
EndGlobal
